// !$*UTF8*$!
{
	archiveVersion = 1;
	classes = {
	};
	objectVersion = 46;
	objects = {

/* Begin PBXBuildFile section */
		0A82D53EB47FE28CA473AD02 /* Pods_KashlemerBLE.framework in Frameworks */ = {isa = PBXBuildFile; fileRef = D9CC8FD6551BEED863018604 /* Pods_KashlemerBLE.framework */; };
		2F0E60531EA30BC60078C2EF /* MonitoringChartView.swift in Sources */ = {isa = PBXBuildFile; fileRef = 2F0E60521EA30BC60078C2EF /* MonitoringChartView.swift */; };
		2F43E5421EA28019000029BF /* AppDelegate.swift in Sources */ = {isa = PBXBuildFile; fileRef = 2F43E5411EA28019000029BF /* AppDelegate.swift */; };
		2F43E5471EA28019000029BF /* Main.storyboard in Resources */ = {isa = PBXBuildFile; fileRef = 2F43E5451EA28019000029BF /* Main.storyboard */; };
		2F43E54A1EA28019000029BF /* KashlemerBLE.xcdatamodeld in Sources */ = {isa = PBXBuildFile; fileRef = 2F43E5481EA28019000029BF /* KashlemerBLE.xcdatamodeld */; };
		2F43E54C1EA28019000029BF /* Assets.xcassets in Resources */ = {isa = PBXBuildFile; fileRef = 2F43E54B1EA28019000029BF /* Assets.xcassets */; };
		2F43E54F1EA28019000029BF /* LaunchScreen.storyboard in Resources */ = {isa = PBXBuildFile; fileRef = 2F43E54D1EA28019000029BF /* LaunchScreen.storyboard */; };
		2F43E55A1EA28596000029BF /* CoreBluetooth.framework in Frameworks */ = {isa = PBXBuildFile; fileRef = 2F43E5591EA28596000029BF /* CoreBluetooth.framework */; };
		2F933FA51EA2DBF000B32FB8 /* BluetoothSerial.swift in Sources */ = {isa = PBXBuildFile; fileRef = 2F933FA41EA2DBF000B32FB8 /* BluetoothSerial.swift */; };
		2F933FA71EA2DD0B00B32FB8 /* SerialViewController.swift in Sources */ = {isa = PBXBuildFile; fileRef = 2F933FA61EA2DD0A00B32FB8 /* SerialViewController.swift */; };
/* End PBXBuildFile section */

/* Begin PBXFileReference section */
		2F0E60521EA30BC60078C2EF /* MonitoringChartView.swift */ = {isa = PBXFileReference; fileEncoding = 4; lastKnownFileType = sourcecode.swift; path = MonitoringChartView.swift; sourceTree = "<group>"; };
		2F43E53E1EA28019000029BF /* KashlemerBLE.app */ = {isa = PBXFileReference; explicitFileType = wrapper.application; includeInIndex = 0; path = KashlemerBLE.app; sourceTree = BUILT_PRODUCTS_DIR; };
		2F43E5411EA28019000029BF /* AppDelegate.swift */ = {isa = PBXFileReference; lastKnownFileType = sourcecode.swift; path = AppDelegate.swift; sourceTree = "<group>"; };
		2F43E5461EA28019000029BF /* Base */ = {isa = PBXFileReference; lastKnownFileType = file.storyboard; name = Base; path = Base.lproj/Main.storyboard; sourceTree = "<group>"; };
		2F43E5491EA28019000029BF /* KashlemerBLE.xcdatamodel */ = {isa = PBXFileReference; lastKnownFileType = wrapper.xcdatamodel; path = KashlemerBLE.xcdatamodel; sourceTree = "<group>"; };
		2F43E54B1EA28019000029BF /* Assets.xcassets */ = {isa = PBXFileReference; lastKnownFileType = folder.assetcatalog; path = Assets.xcassets; sourceTree = "<group>"; };
		2F43E54E1EA28019000029BF /* Base */ = {isa = PBXFileReference; lastKnownFileType = file.storyboard; name = Base; path = Base.lproj/LaunchScreen.storyboard; sourceTree = "<group>"; };
		2F43E5501EA28019000029BF /* Info.plist */ = {isa = PBXFileReference; lastKnownFileType = text.plist.xml; path = Info.plist; sourceTree = "<group>"; };
		2F43E5591EA28596000029BF /* CoreBluetooth.framework */ = {isa = PBXFileReference; lastKnownFileType = wrapper.framework; name = CoreBluetooth.framework; path = System/Library/Frameworks/CoreBluetooth.framework; sourceTree = SDKROOT; };
		2F933FA41EA2DBF000B32FB8 /* BluetoothSerial.swift */ = {isa = PBXFileReference; fileEncoding = 4; lastKnownFileType = sourcecode.swift; path = BluetoothSerial.swift; sourceTree = "<group>"; };
		2F933FA61EA2DD0A00B32FB8 /* SerialViewController.swift */ = {isa = PBXFileReference; fileEncoding = 4; lastKnownFileType = sourcecode.swift; path = SerialViewController.swift; sourceTree = "<group>"; };
		D46E13902CD65466D0B8BB0E /* Pods-KashlemerBLE.debug.xcconfig */ = {isa = PBXFileReference; includeInIndex = 1; lastKnownFileType = text.xcconfig; name = "Pods-KashlemerBLE.debug.xcconfig"; path = "Pods/Target Support Files/Pods-KashlemerBLE/Pods-KashlemerBLE.debug.xcconfig"; sourceTree = "<group>"; };
		D9CC8FD6551BEED863018604 /* Pods_KashlemerBLE.framework */ = {isa = PBXFileReference; explicitFileType = wrapper.framework; includeInIndex = 0; path = Pods_KashlemerBLE.framework; sourceTree = BUILT_PRODUCTS_DIR; };
		E0981BCC8B60797662E821A2 /* Pods-KashlemerBLE.release.xcconfig */ = {isa = PBXFileReference; includeInIndex = 1; lastKnownFileType = text.xcconfig; name = "Pods-KashlemerBLE.release.xcconfig"; path = "Pods/Target Support Files/Pods-KashlemerBLE/Pods-KashlemerBLE.release.xcconfig"; sourceTree = "<group>"; };
/* End PBXFileReference section */

/* Begin PBXFrameworksBuildPhase section */
		2F43E53B1EA28018000029BF /* Frameworks */ = {
			isa = PBXFrameworksBuildPhase;
			buildActionMask = 2147483647;
			files = (
				2F43E55A1EA28596000029BF /* CoreBluetooth.framework in Frameworks */,
				0A82D53EB47FE28CA473AD02 /* Pods_KashlemerBLE.framework in Frameworks */,
			);
			runOnlyForDeploymentPostprocessing = 0;
		};
/* End PBXFrameworksBuildPhase section */

/* Begin PBXGroup section */
		2F43E5351EA28018000029BF = {
			isa = PBXGroup;
			children = (
				2F43E5401EA28019000029BF /* KashlemerBLE */,
				2F43E53F1EA28019000029BF /* Products */,
				2F43E5581EA28596000029BF /* Frameworks */,
				8C895C30A4802E991E1ECCCE /* Pods */,
			);
			sourceTree = "<group>";
		};
		2F43E53F1EA28019000029BF /* Products */ = {
			isa = PBXGroup;
			children = (
				2F43E53E1EA28019000029BF /* KashlemerBLE.app */,
			);
			name = Products;
			sourceTree = "<group>";
		};
		2F43E5401EA28019000029BF /* KashlemerBLE */ = {
			isa = PBXGroup;
			children = (
				2F933FA31EA2DA1100B32FB8 /* Support */,
				2F933FA61EA2DD0A00B32FB8 /* SerialViewController.swift */,
				2F43E5451EA28019000029BF /* Main.storyboard */,
				2F43E54D1EA28019000029BF /* LaunchScreen.storyboard */,
				2F43E54B1EA28019000029BF /* Assets.xcassets */,
				2F43E5411EA28019000029BF /* AppDelegate.swift */,
				2F43E5501EA28019000029BF /* Info.plist */,
				2F43E5481EA28019000029BF /* KashlemerBLE.xcdatamodeld */,
			);
			path = KashlemerBLE;
			sourceTree = "<group>";
		};
		2F43E5581EA28596000029BF /* Frameworks */ = {
			isa = PBXGroup;
			children = (
				2F43E5591EA28596000029BF /* CoreBluetooth.framework */,
				D9CC8FD6551BEED863018604 /* Pods_KashlemerBLE.framework */,
			);
			name = Frameworks;
			sourceTree = "<group>";
		};
		2F933FA31EA2DA1100B32FB8 /* Support */ = {
			isa = PBXGroup;
			children = (
				2F933FA41EA2DBF000B32FB8 /* BluetoothSerial.swift */,
				2F0E60521EA30BC60078C2EF /* MonitoringChartView.swift */,
			);
			name = Support;
			sourceTree = "<group>";
		};
		8C895C30A4802E991E1ECCCE /* Pods */ = {
			isa = PBXGroup;
			children = (
				D46E13902CD65466D0B8BB0E /* Pods-KashlemerBLE.debug.xcconfig */,
				E0981BCC8B60797662E821A2 /* Pods-KashlemerBLE.release.xcconfig */,
			);
			name = Pods;
			sourceTree = "<group>";
		};
/* End PBXGroup section */

/* Begin PBXNativeTarget section */
		2F43E53D1EA28018000029BF /* KashlemerBLE */ = {
			isa = PBXNativeTarget;
			buildConfigurationList = 2F43E5531EA28019000029BF /* Build configuration list for PBXNativeTarget "KashlemerBLE" */;
			buildPhases = (
				B776A49EB4B31DD61E0DCD34 /* [CP] Check Pods Manifest.lock */,
				2F43E53A1EA28018000029BF /* Sources */,
				2F43E53B1EA28018000029BF /* Frameworks */,
				2F43E53C1EA28018000029BF /* Resources */,
				BF7429C5890A77FA5C42F789 /* [CP] Embed Pods Frameworks */,
				238935C107193F28C408456E /* [CP] Copy Pods Resources */,
			);
			buildRules = (
			);
			dependencies = (
			);
			name = KashlemerBLE;
			productName = KashlemerBLE;
			productReference = 2F43E53E1EA28019000029BF /* KashlemerBLE.app */;
			productType = "com.apple.product-type.application";
		};
/* End PBXNativeTarget section */

/* Begin PBXProject section */
		2F43E5361EA28018000029BF /* Project object */ = {
			isa = PBXProject;
			attributes = {
				LastSwiftUpdateCheck = 0820;
				LastUpgradeCheck = 0820;
				ORGANIZATIONNAME = aristovz;
				TargetAttributes = {
					2F43E53D1EA28018000029BF = {
						CreatedOnToolsVersion = 8.2.1;
						DevelopmentTeam = DSX6W75YR7;
						ProvisioningStyle = Automatic;
					};
				};
			};
			buildConfigurationList = 2F43E5391EA28018000029BF /* Build configuration list for PBXProject "KashlemerBLE" */;
			compatibilityVersion = "Xcode 3.2";
			developmentRegion = English;
			hasScannedForEncodings = 0;
			knownRegions = (
				en,
				Base,
			);
			mainGroup = 2F43E5351EA28018000029BF;
			productRefGroup = 2F43E53F1EA28019000029BF /* Products */;
			projectDirPath = "";
			projectRoot = "";
			targets = (
				2F43E53D1EA28018000029BF /* KashlemerBLE */,
			);
		};
/* End PBXProject section */

/* Begin PBXResourcesBuildPhase section */
		2F43E53C1EA28018000029BF /* Resources */ = {
			isa = PBXResourcesBuildPhase;
			buildActionMask = 2147483647;
			files = (
				2F43E54F1EA28019000029BF /* LaunchScreen.storyboard in Resources */,
				2F43E54C1EA28019000029BF /* Assets.xcassets in Resources */,
				2F43E5471EA28019000029BF /* Main.storyboard in Resources */,
			);
			runOnlyForDeploymentPostprocessing = 0;
		};
/* End PBXResourcesBuildPhase section */

/* Begin PBXShellScriptBuildPhase section */
		238935C107193F28C408456E /* [CP] Copy Pods Resources */ = {
			isa = PBXShellScriptBuildPhase;
			buildActionMask = 2147483647;
			files = (
			);
			inputPaths = (
			);
			name = "[CP] Copy Pods Resources";
			outputPaths = (
			);
			runOnlyForDeploymentPostprocessing = 0;
			shellPath = /bin/sh;
			shellScript = "\"${SRCROOT}/Pods/Target Support Files/Pods-KashlemerBLE/Pods-KashlemerBLE-resources.sh\"\n";
			showEnvVarsInLog = 0;
		};
		B776A49EB4B31DD61E0DCD34 /* [CP] Check Pods Manifest.lock */ = {
			isa = PBXShellScriptBuildPhase;
			buildActionMask = 2147483647;
			files = (
			);
			inputPaths = (
			);
			name = "[CP] Check Pods Manifest.lock";
			outputPaths = (
			);
			runOnlyForDeploymentPostprocessing = 0;
			shellPath = /bin/sh;
			shellScript = "diff \"${PODS_ROOT}/../Podfile.lock\" \"${PODS_ROOT}/Manifest.lock\" > /dev/null\nif [ $? != 0 ] ; then\n    # print error to STDERR\n    echo \"error: The sandbox is not in sync with the Podfile.lock. Run 'pod install' or update your CocoaPods installation.\" >&2\n    exit 1\nfi\n";
			showEnvVarsInLog = 0;
		};
		BF7429C5890A77FA5C42F789 /* [CP] Embed Pods Frameworks */ = {
			isa = PBXShellScriptBuildPhase;
			buildActionMask = 2147483647;
			files = (
			);
			inputPaths = (
			);
			name = "[CP] Embed Pods Frameworks";
			outputPaths = (
			);
			runOnlyForDeploymentPostprocessing = 0;
			shellPath = /bin/sh;
			shellScript = "\"${SRCROOT}/Pods/Target Support Files/Pods-KashlemerBLE/Pods-KashlemerBLE-frameworks.sh\"\n";
			showEnvVarsInLog = 0;
		};
/* End PBXShellScriptBuildPhase section */

/* Begin PBXSourcesBuildPhase section */
		2F43E53A1EA28018000029BF /* Sources */ = {
			isa = PBXSourcesBuildPhase;
			buildActionMask = 2147483647;
			files = (
				2F0E60531EA30BC60078C2EF /* MonitoringChartView.swift in Sources */,
				2F43E54A1EA28019000029BF /* KashlemerBLE.xcdatamodeld in Sources */,
				2F43E5421EA28019000029BF /* AppDelegate.swift in Sources */,
				2F933FA51EA2DBF000B32FB8 /* BluetoothSerial.swift in Sources */,
				2F933FA71EA2DD0B00B32FB8 /* SerialViewController.swift in Sources */,
			);
			runOnlyForDeploymentPostprocessing = 0;
		};
/* End PBXSourcesBuildPhase section */

/* Begin PBXVariantGroup section */
		2F43E5451EA28019000029BF /* Main.storyboard */ = {
			isa = PBXVariantGroup;
			children = (
				2F43E5461EA28019000029BF /* Base */,
			);
			name = Main.storyboard;
			sourceTree = "<group>";
		};
		2F43E54D1EA28019000029BF /* LaunchScreen.storyboard */ = {
			isa = PBXVariantGroup;
			children = (
				2F43E54E1EA28019000029BF /* Base */,
			);
			name = LaunchScreen.storyboard;
			sourceTree = "<group>";
		};
/* End PBXVariantGroup section */

/* Begin XCBuildConfiguration section */
		2F43E5511EA28019000029BF /* Debug */ = {
			isa = XCBuildConfiguration;
			buildSettings = {
				ALWAYS_SEARCH_USER_PATHS = NO;
				CLANG_ANALYZER_NONNULL = YES;
				CLANG_CXX_LANGUAGE_STANDARD = "gnu++0x";
				CLANG_CXX_LIBRARY = "libc++";
				CLANG_ENABLE_MODULES = YES;
				CLANG_ENABLE_OBJC_ARC = YES;
				CLANG_WARN_BOOL_CONVERSION = YES;
				CLANG_WARN_CONSTANT_CONVERSION = YES;
				CLANG_WARN_DIRECT_OBJC_ISA_USAGE = YES_ERROR;
				CLANG_WARN_DOCUMENTATION_COMMENTS = YES;
				CLANG_WARN_EMPTY_BODY = YES;
				CLANG_WARN_ENUM_CONVERSION = YES;
				CLANG_WARN_INFINITE_RECURSION = YES;
				CLANG_WARN_INT_CONVERSION = YES;
				CLANG_WARN_OBJC_ROOT_CLASS = YES_ERROR;
				CLANG_WARN_SUSPICIOUS_MOVE = YES;
				CLANG_WARN_UNREACHABLE_CODE = YES;
				CLANG_WARN__DUPLICATE_METHOD_MATCH = YES;
				"CODE_SIGN_IDENTITY[sdk=iphoneos*]" = "iPhone Developer";
				COPY_PHASE_STRIP = NO;
				DEBUG_INFORMATION_FORMAT = dwarf;
				ENABLE_STRICT_OBJC_MSGSEND = YES;
				ENABLE_TESTABILITY = YES;
				GCC_C_LANGUAGE_STANDARD = gnu99;
				GCC_DYNAMIC_NO_PIC = NO;
				GCC_NO_COMMON_BLOCKS = YES;
				GCC_OPTIMIZATION_LEVEL = 0;
				GCC_PREPROCESSOR_DEFINITIONS = (
					"DEBUG=1",
					"$(inherited)",
				);
				GCC_WARN_64_TO_32_BIT_CONVERSION = YES;
				GCC_WARN_ABOUT_RETURN_TYPE = YES_ERROR;
				GCC_WARN_UNDECLARED_SELECTOR = YES;
				GCC_WARN_UNINITIALIZED_AUTOS = YES_AGGRESSIVE;
				GCC_WARN_UNUSED_FUNCTION = YES;
				GCC_WARN_UNUSED_VARIABLE = YES;
				IPHONEOS_DEPLOYMENT_TARGET = 10.2;
				MTL_ENABLE_DEBUG_INFO = YES;
				ONLY_ACTIVE_ARCH = YES;
				SDKROOT = iphoneos;
				SWIFT_ACTIVE_COMPILATION_CONDITIONS = DEBUG;
				SWIFT_OPTIMIZATION_LEVEL = "-Onone";
			};
			name = Debug;
		};
		2F43E5521EA28019000029BF /* Release */ = {
			isa = XCBuildConfiguration;
			buildSettings = {
				ALWAYS_SEARCH_USER_PATHS = NO;
				CLANG_ANALYZER_NONNULL = YES;
				CLANG_CXX_LANGUAGE_STANDARD = "gnu++0x";
				CLANG_CXX_LIBRARY = "libc++";
				CLANG_ENABLE_MODULES = YES;
				CLANG_ENABLE_OBJC_ARC = YES;
				CLANG_WARN_BOOL_CONVERSION = YES;
				CLANG_WARN_CONSTANT_CONVERSION = YES;
				CLANG_WARN_DIRECT_OBJC_ISA_USAGE = YES_ERROR;
				CLANG_WARN_DOCUMENTATION_COMMENTS = YES;
				CLANG_WARN_EMPTY_BODY = YES;
				CLANG_WARN_ENUM_CONVERSION = YES;
				CLANG_WARN_INFINITE_RECURSION = YES;
				CLANG_WARN_INT_CONVERSION = YES;
				CLANG_WARN_OBJC_ROOT_CLASS = YES_ERROR;
				CLANG_WARN_SUSPICIOUS_MOVE = YES;
				CLANG_WARN_UNREACHABLE_CODE = YES;
				CLANG_WARN__DUPLICATE_METHOD_MATCH = YES;
				"CODE_SIGN_IDENTITY[sdk=iphoneos*]" = "iPhone Developer";
				COPY_PHASE_STRIP = NO;
				DEBUG_INFORMATION_FORMAT = "dwarf-with-dsym";
				ENABLE_NS_ASSERTIONS = NO;
				ENABLE_STRICT_OBJC_MSGSEND = YES;
				GCC_C_LANGUAGE_STANDARD = gnu99;
				GCC_NO_COMMON_BLOCKS = YES;
				GCC_WARN_64_TO_32_BIT_CONVERSION = YES;
				GCC_WARN_ABOUT_RETURN_TYPE = YES_ERROR;
				GCC_WARN_UNDECLARED_SELECTOR = YES;
				GCC_WARN_UNINITIALIZED_AUTOS = YES_AGGRESSIVE;
				GCC_WARN_UNUSED_FUNCTION = YES;
				GCC_WARN_UNUSED_VARIABLE = YES;
				IPHONEOS_DEPLOYMENT_TARGET = 10.2;
				MTL_ENABLE_DEBUG_INFO = NO;
				SDKROOT = iphoneos;
				SWIFT_OPTIMIZATION_LEVEL = "-Owholemodule";
				VALIDATE_PRODUCT = YES;
			};
			name = Release;
		};
		2F43E5541EA28019000029BF /* Debug */ = {
			isa = XCBuildConfiguration;
			baseConfigurationReference = D46E13902CD65466D0B8BB0E /* Pods-KashlemerBLE.debug.xcconfig */;
			buildSettings = {
				ASSETCATALOG_COMPILER_APPICON_NAME = AppIcon;
				DEVELOPMENT_TEAM = DSX6W75YR7;
				INFOPLIST_FILE = KashlemerBLE/Info.plist;
				LD_RUNPATH_SEARCH_PATHS = "$(inherited) @executable_path/Frameworks";
				PRODUCT_BUNDLE_IDENTIFIER = ru.aristovz.KashlemerBLE;
				PRODUCT_NAME = "$(TARGET_NAME)";
				SWIFT_VERSION = 3.0;
			};
			name = Debug;
		};
		2F43E5551EA28019000029BF /* Release */ = {
			isa = XCBuildConfiguration;
			baseConfigurationReference = E0981BCC8B60797662E821A2 /* Pods-KashlemerBLE.release.xcconfig */;
			buildSettings = {
				ASSETCATALOG_COMPILER_APPICON_NAME = AppIcon;
				DEVELOPMENT_TEAM = DSX6W75YR7;
				INFOPLIST_FILE = KashlemerBLE/Info.plist;
				LD_RUNPATH_SEARCH_PATHS = "$(inherited) @executable_path/Frameworks";
				PRODUCT_BUNDLE_IDENTIFIER = ru.aristovz.KashlemerBLE;
				PRODUCT_NAME = "$(TARGET_NAME)";
				SWIFT_VERSION = 3.0;
			};
			name = Release;
		};
/* End XCBuildConfiguration section */

/* Begin XCConfigurationList section */
		2F43E5391EA28018000029BF /* Build configuration list for PBXProject "KashlemerBLE" */ = {
			isa = XCConfigurationList;
			buildConfigurations = (
				2F43E5511EA28019000029BF /* Debug */,
				2F43E5521EA28019000029BF /* Release */,
			);
			defaultConfigurationIsVisible = 0;
			defaultConfigurationName = Release;
		};
		2F43E5531EA28019000029BF /* Build configuration list for PBXNativeTarget "KashlemerBLE" */ = {
			isa = XCConfigurationList;
			buildConfigurations = (
				2F43E5541EA28019000029BF /* Debug */,
				2F43E5551EA28019000029BF /* Release */,
			);
			defaultConfigurationIsVisible = 0;
			defaultConfigurationName = Release;
		};
/* End XCConfigurationList section */

/* Begin XCVersionGroup section */
		2F43E5481EA28019000029BF /* KashlemerBLE.xcdatamodeld */ = {
			isa = XCVersionGroup;
			children = (
				2F43E5491EA28019000029BF /* KashlemerBLE.xcdatamodel */,
			);
			currentVersion = 2F43E5491EA28019000029BF /* KashlemerBLE.xcdatamodel */;
			path = KashlemerBLE.xcdatamodeld;
			sourceTree = "<group>";
			versionGroupType = wrapper.xcdatamodel;
		};
/* End XCVersionGroup section */
	};
	rootObject = 2F43E5361EA28018000029BF /* Project object */;
}
